// !$*UTF8*$!
{
	archiveVersion = 1;
	classes = {
	};
	objectVersion = 46;
	objects = {

/* Begin PBXBuildFile section */
		0340718519A485CDC93D5B48 /* Pods_Feedings.framework in Frameworks */ = {isa = PBXBuildFile; fileRef = F89102230929853146E3140E /* Pods_Feedings.framework */; };
		0A03EE851C1BA816000C9423 /* FeedingViewModel.swift in Sources */ = {isa = PBXBuildFile; fileRef = 0A03EE841C1BA816000C9423 /* FeedingViewModel.swift */; };
		0A03EE871C1BA84E000C9423 /* FeedingViewModelSpec.swift in Sources */ = {isa = PBXBuildFile; fileRef = 0A03EE861C1BA84E000C9423 /* FeedingViewModelSpec.swift */; };
		0A03EE891C1BC35A000C9423 /* Day.swift in Sources */ = {isa = PBXBuildFile; fileRef = 0A03EE881C1BC35A000C9423 /* Day.swift */; };
		0A0BAF911C0583F500933B9F /* FiraSans-Book.otf in Resources */ = {isa = PBXBuildFile; fileRef = 0A0BAF901C0583F500933B9F /* FiraSans-Book.otf */; };
		0A0BAF941C058E6300933B9F /* FeedingsListViewController.swift in Sources */ = {isa = PBXBuildFile; fileRef = 0A0BAF931C058E6300933B9F /* FeedingsListViewController.swift */; };
		0A0BAF961C0662D100933B9F /* LoginViewController.swift in Sources */ = {isa = PBXBuildFile; fileRef = 0A0BAF951C0662D100933B9F /* LoginViewController.swift */; };
		0A0BAF981C0664A900933B9F /* UIColor-Extensions.swift in Sources */ = {isa = PBXBuildFile; fileRef = 0A0BAF971C0664A900933B9F /* UIColor-Extensions.swift */; };
		0A0BAF9A1C06679500933B9F /* FiraSans-Medium.otf in Resources */ = {isa = PBXBuildFile; fileRef = 0A0BAF991C06679500933B9F /* FiraSans-Medium.otf */; };
		0A0BAF9E1C066C2A00933B9F /* HighlightedButton.swift in Sources */ = {isa = PBXBuildFile; fileRef = 0A0BAF9D1C066C2A00933B9F /* HighlightedButton.swift */; };
		0A0BAFA01C06874D00933B9F /* SignupViewController.swift in Sources */ = {isa = PBXBuildFile; fileRef = 0A0BAF9F1C06874D00933B9F /* SignupViewController.swift */; };
		0A1417B31C17CBCC00D49CA1 /* UITextFieldWithDate.swift in Sources */ = {isa = PBXBuildFile; fileRef = 0A1417B21C17CBCC00D49CA1 /* UITextFieldWithDate.swift */; };
		0A28B1071BE1B55600C4FDA5 /* AppDelegate.swift in Sources */ = {isa = PBXBuildFile; fileRef = 0A28B1061BE1B55600C4FDA5 /* AppDelegate.swift */; };
		0A28B10C1BE1B55600C4FDA5 /* Main.storyboard in Resources */ = {isa = PBXBuildFile; fileRef = 0A28B10A1BE1B55600C4FDA5 /* Main.storyboard */; };
		0A28B10E1BE1B55600C4FDA5 /* Assets.xcassets in Resources */ = {isa = PBXBuildFile; fileRef = 0A28B10D1BE1B55600C4FDA5 /* Assets.xcassets */; };
		0A28B1111BE1B55600C4FDA5 /* LaunchScreen.storyboard in Resources */ = {isa = PBXBuildFile; fileRef = 0A28B10F1BE1B55600C4FDA5 /* LaunchScreen.storyboard */; };
		0A28B1271BE1B55600C4FDA5 /* FeedingsUITests.swift in Sources */ = {isa = PBXBuildFile; fileRef = 0A28B1261BE1B55600C4FDA5 /* FeedingsUITests.swift */; };
		0A28E0621C0BAA5100D75D04 /* AddFeedingViewController.swift in Sources */ = {isa = PBXBuildFile; fileRef = 0A28E0611C0BAA5100D75D04 /* AddFeedingViewController.swift */; };
		0A33C4A11C08F0F1002BB5E9 /* SettingsViewController.swift in Sources */ = {isa = PBXBuildFile; fileRef = 0A33C4A01C08F0F1002BB5E9 /* SettingsViewController.swift */; };
		0A5555D91BF6F08700F1EA5A /* ParseStuff.swift in Sources */ = {isa = PBXBuildFile; fileRef = 0A5555D81BF6F08700F1EA5A /* ParseStuff.swift */; };
		0AB7699A1C1CFD5B002AD40F /* DaySpec.swift in Sources */ = {isa = PBXBuildFile; fileRef = 0AB769991C1CFD5B002AD40F /* DaySpec.swift */; };
		0AFE4F3E1C0AD14B0007C419 /* FeedingsCell.swift in Sources */ = {isa = PBXBuildFile; fileRef = 0AFE4F3D1C0AD14B0007C419 /* FeedingsCell.swift */; };
		941CA0AF32956C557E82E674 /* Pods_FeedingsTests.framework in Frameworks */ = {isa = PBXBuildFile; fileRef = 1056BE9E4DD9299A4A84641E /* Pods_FeedingsTests.framework */; };
		EBC7C6A69AA5230F2266DED9 /* Pods_FeedingsUITests.framework in Frameworks */ = {isa = PBXBuildFile; fileRef = 5922000925E75AF67F6E6114 /* Pods_FeedingsUITests.framework */; };
/* End PBXBuildFile section */

/* Begin PBXContainerItemProxy section */
		0A28B1181BE1B55600C4FDA5 /* PBXContainerItemProxy */ = {
			isa = PBXContainerItemProxy;
			containerPortal = 0A28B0FB1BE1B55600C4FDA5 /* Project object */;
			proxyType = 1;
			remoteGlobalIDString = 0A28B1021BE1B55600C4FDA5;
			remoteInfo = Feedings;
		};
		0A28B1231BE1B55600C4FDA5 /* PBXContainerItemProxy */ = {
			isa = PBXContainerItemProxy;
			containerPortal = 0A28B0FB1BE1B55600C4FDA5 /* Project object */;
			proxyType = 1;
			remoteGlobalIDString = 0A28B1021BE1B55600C4FDA5;
			remoteInfo = Feedings;
		};
/* End PBXContainerItemProxy section */

/* Begin PBXFileReference section */
		00E536E399109CEAD49BCFC4 /* Pods-FeedingsTests.debug.xcconfig */ = {isa = PBXFileReference; includeInIndex = 1; lastKnownFileType = text.xcconfig; name = "Pods-FeedingsTests.debug.xcconfig"; path = "Pods/Target Support Files/Pods-FeedingsTests/Pods-FeedingsTests.debug.xcconfig"; sourceTree = "<group>"; };
		0A03EE841C1BA816000C9423 /* FeedingViewModel.swift */ = {isa = PBXFileReference; fileEncoding = 4; lastKnownFileType = sourcecode.swift; path = FeedingViewModel.swift; sourceTree = "<group>"; };
		0A03EE861C1BA84E000C9423 /* FeedingViewModelSpec.swift */ = {isa = PBXFileReference; fileEncoding = 4; lastKnownFileType = sourcecode.swift; path = FeedingViewModelSpec.swift; sourceTree = "<group>"; };
		0A03EE881C1BC35A000C9423 /* Day.swift */ = {isa = PBXFileReference; fileEncoding = 4; lastKnownFileType = sourcecode.swift; path = Day.swift; sourceTree = "<group>"; };
		0A0BAF901C0583F500933B9F /* FiraSans-Book.otf */ = {isa = PBXFileReference; lastKnownFileType = file; name = "FiraSans-Book.otf"; path = "Feedings/FiraSans-Book.otf"; sourceTree = "<group>"; };
		0A0BAF931C058E6300933B9F /* FeedingsListViewController.swift */ = {isa = PBXFileReference; fileEncoding = 4; lastKnownFileType = sourcecode.swift; path = FeedingsListViewController.swift; sourceTree = "<group>"; };
		0A0BAF951C0662D100933B9F /* LoginViewController.swift */ = {isa = PBXFileReference; fileEncoding = 4; lastKnownFileType = sourcecode.swift; path = LoginViewController.swift; sourceTree = "<group>"; };
		0A0BAF971C0664A900933B9F /* UIColor-Extensions.swift */ = {isa = PBXFileReference; fileEncoding = 4; lastKnownFileType = sourcecode.swift; path = "UIColor-Extensions.swift"; sourceTree = "<group>"; };
		0A0BAF991C06679500933B9F /* FiraSans-Medium.otf */ = {isa = PBXFileReference; lastKnownFileType = file; path = "FiraSans-Medium.otf"; sourceTree = "<group>"; };
		0A0BAF9D1C066C2A00933B9F /* HighlightedButton.swift */ = {isa = PBXFileReference; fileEncoding = 4; lastKnownFileType = sourcecode.swift; path = HighlightedButton.swift; sourceTree = "<group>"; };
		0A0BAF9F1C06874D00933B9F /* SignupViewController.swift */ = {isa = PBXFileReference; fileEncoding = 4; lastKnownFileType = sourcecode.swift; path = SignupViewController.swift; sourceTree = "<group>"; };
		0A1417B21C17CBCC00D49CA1 /* UITextFieldWithDate.swift */ = {isa = PBXFileReference; fileEncoding = 4; lastKnownFileType = sourcecode.swift; path = UITextFieldWithDate.swift; sourceTree = "<group>"; };
		0A28B1031BE1B55600C4FDA5 /* Feedings.app */ = {isa = PBXFileReference; explicitFileType = wrapper.application; includeInIndex = 0; path = Feedings.app; sourceTree = BUILT_PRODUCTS_DIR; };
		0A28B1061BE1B55600C4FDA5 /* AppDelegate.swift */ = {isa = PBXFileReference; lastKnownFileType = sourcecode.swift; path = AppDelegate.swift; sourceTree = "<group>"; };
		0A28B10B1BE1B55600C4FDA5 /* Base */ = {isa = PBXFileReference; lastKnownFileType = file.storyboard; name = Base; path = Base.lproj/Main.storyboard; sourceTree = "<group>"; };
		0A28B10D1BE1B55600C4FDA5 /* Assets.xcassets */ = {isa = PBXFileReference; lastKnownFileType = folder.assetcatalog; path = Assets.xcassets; sourceTree = "<group>"; };
		0A28B1101BE1B55600C4FDA5 /* Base */ = {isa = PBXFileReference; lastKnownFileType = file.storyboard; name = Base; path = Base.lproj/LaunchScreen.storyboard; sourceTree = "<group>"; };
		0A28B1121BE1B55600C4FDA5 /* Info.plist */ = {isa = PBXFileReference; lastKnownFileType = text.plist.xml; path = Info.plist; sourceTree = "<group>"; };
		0A28B1171BE1B55600C4FDA5 /* FeedingsTests.xctest */ = {isa = PBXFileReference; explicitFileType = wrapper.cfbundle; includeInIndex = 0; path = FeedingsTests.xctest; sourceTree = BUILT_PRODUCTS_DIR; };
		0A28B11D1BE1B55600C4FDA5 /* Info.plist */ = {isa = PBXFileReference; lastKnownFileType = text.plist.xml; path = Info.plist; sourceTree = "<group>"; };
		0A28B1221BE1B55600C4FDA5 /* FeedingsUITests.xctest */ = {isa = PBXFileReference; explicitFileType = wrapper.cfbundle; includeInIndex = 0; path = FeedingsUITests.xctest; sourceTree = BUILT_PRODUCTS_DIR; };
		0A28B1261BE1B55600C4FDA5 /* FeedingsUITests.swift */ = {isa = PBXFileReference; lastKnownFileType = sourcecode.swift; path = FeedingsUITests.swift; sourceTree = "<group>"; };
		0A28B1281BE1B55600C4FDA5 /* Info.plist */ = {isa = PBXFileReference; lastKnownFileType = text.plist.xml; path = Info.plist; sourceTree = "<group>"; };
		0A28E0611C0BAA5100D75D04 /* AddFeedingViewController.swift */ = {isa = PBXFileReference; fileEncoding = 4; lastKnownFileType = sourcecode.swift; path = AddFeedingViewController.swift; sourceTree = "<group>"; };
		0A33C4A01C08F0F1002BB5E9 /* SettingsViewController.swift */ = {isa = PBXFileReference; fileEncoding = 4; lastKnownFileType = sourcecode.swift; path = SettingsViewController.swift; sourceTree = "<group>"; };
		0A5555D81BF6F08700F1EA5A /* ParseStuff.swift */ = {isa = PBXFileReference; fileEncoding = 4; lastKnownFileType = sourcecode.swift; path = ParseStuff.swift; sourceTree = "<group>"; };
		0A9D63E61BE48BC5000F4778 /* Feedings.entitlements */ = {isa = PBXFileReference; lastKnownFileType = text.xml; path = Feedings.entitlements; sourceTree = "<group>"; };
		0AB769991C1CFD5B002AD40F /* DaySpec.swift */ = {isa = PBXFileReference; fileEncoding = 4; lastKnownFileType = sourcecode.swift; path = DaySpec.swift; sourceTree = "<group>"; };
		0ABB7BEBCD52ED7D367A1756 /* Pods-FeedingsUITests.release.xcconfig */ = {isa = PBXFileReference; includeInIndex = 1; lastKnownFileType = text.xcconfig; name = "Pods-FeedingsUITests.release.xcconfig"; path = "Pods/Target Support Files/Pods-FeedingsUITests/Pods-FeedingsUITests.release.xcconfig"; sourceTree = "<group>"; };
		0AFE4F3D1C0AD14B0007C419 /* FeedingsCell.swift */ = {isa = PBXFileReference; fileEncoding = 4; lastKnownFileType = sourcecode.swift; path = FeedingsCell.swift; sourceTree = "<group>"; };
		1056BE9E4DD9299A4A84641E /* Pods_FeedingsTests.framework */ = {isa = PBXFileReference; explicitFileType = wrapper.framework; includeInIndex = 0; path = Pods_FeedingsTests.framework; sourceTree = BUILT_PRODUCTS_DIR; };
		3C56BB30152137C1D6C101D5 /* Pods-FeedingsTests.release.xcconfig */ = {isa = PBXFileReference; includeInIndex = 1; lastKnownFileType = text.xcconfig; name = "Pods-FeedingsTests.release.xcconfig"; path = "Pods/Target Support Files/Pods-FeedingsTests/Pods-FeedingsTests.release.xcconfig"; sourceTree = "<group>"; };
		58C13B6E011C877E7674181D /* Pods-Feedings.release.xcconfig */ = {isa = PBXFileReference; includeInIndex = 1; lastKnownFileType = text.xcconfig; name = "Pods-Feedings.release.xcconfig"; path = "Pods/Target Support Files/Pods-Feedings/Pods-Feedings.release.xcconfig"; sourceTree = "<group>"; };
		5922000925E75AF67F6E6114 /* Pods_FeedingsUITests.framework */ = {isa = PBXFileReference; explicitFileType = wrapper.framework; includeInIndex = 0; path = Pods_FeedingsUITests.framework; sourceTree = BUILT_PRODUCTS_DIR; };
		C7CFF7A94C32FFD695CD0B6C /* Pods-Feedings.debug.xcconfig */ = {isa = PBXFileReference; includeInIndex = 1; lastKnownFileType = text.xcconfig; name = "Pods-Feedings.debug.xcconfig"; path = "Pods/Target Support Files/Pods-Feedings/Pods-Feedings.debug.xcconfig"; sourceTree = "<group>"; };
		E4C53FD216936E2EE49D2272 /* Pods-FeedingsUITests.debug.xcconfig */ = {isa = PBXFileReference; includeInIndex = 1; lastKnownFileType = text.xcconfig; name = "Pods-FeedingsUITests.debug.xcconfig"; path = "Pods/Target Support Files/Pods-FeedingsUITests/Pods-FeedingsUITests.debug.xcconfig"; sourceTree = "<group>"; };
		F89102230929853146E3140E /* Pods_Feedings.framework */ = {isa = PBXFileReference; explicitFileType = wrapper.framework; includeInIndex = 0; path = Pods_Feedings.framework; sourceTree = BUILT_PRODUCTS_DIR; };
/* End PBXFileReference section */

/* Begin PBXFrameworksBuildPhase section */
		0A28B1001BE1B55600C4FDA5 /* Frameworks */ = {
			isa = PBXFrameworksBuildPhase;
			buildActionMask = 2147483647;
			files = (
				0340718519A485CDC93D5B48 /* Pods_Feedings.framework in Frameworks */,
			);
			runOnlyForDeploymentPostprocessing = 0;
		};
		0A28B1141BE1B55600C4FDA5 /* Frameworks */ = {
			isa = PBXFrameworksBuildPhase;
			buildActionMask = 2147483647;
			files = (
				941CA0AF32956C557E82E674 /* Pods_FeedingsTests.framework in Frameworks */,
			);
			runOnlyForDeploymentPostprocessing = 0;
		};
		0A28B11F1BE1B55600C4FDA5 /* Frameworks */ = {
			isa = PBXFrameworksBuildPhase;
			buildActionMask = 2147483647;
			files = (
				EBC7C6A69AA5230F2266DED9 /* Pods_FeedingsUITests.framework in Frameworks */,
			);
			runOnlyForDeploymentPostprocessing = 0;
		};
/* End PBXFrameworksBuildPhase section */

/* Begin PBXGroup section */
		0A03EE821C1BA72F000C9423 /* models */ = {
			isa = PBXGroup;
			children = (
				0A03EE841C1BA816000C9423 /* FeedingViewModel.swift */,
				0A03EE881C1BC35A000C9423 /* Day.swift */,
			);
			name = models;
			sourceTree = "<group>";
		};
		0A03EE831C1BA740000C9423 /* Controllers */ = {
			isa = PBXGroup;
			children = (
				0A0BAF951C0662D100933B9F /* LoginViewController.swift */,
				0A28E0611C0BAA5100D75D04 /* AddFeedingViewController.swift */,
				0A33C4A01C08F0F1002BB5E9 /* SettingsViewController.swift */,
				0A0BAF9F1C06874D00933B9F /* SignupViewController.swift */,
				0A0BAF931C058E6300933B9F /* FeedingsListViewController.swift */,
			);
			name = Controllers;
			sourceTree = "<group>";
		};
		0A0BAF921C0583FF00933B9F /* Fonts */ = {
			isa = PBXGroup;
			children = (
				0A0BAF991C06679500933B9F /* FiraSans-Medium.otf */,
				0A0BAF901C0583F500933B9F /* FiraSans-Book.otf */,
			);
			name = Fonts;
			sourceTree = "<group>";
		};
		0A28B0FA1BE1B55600C4FDA5 = {
			isa = PBXGroup;
			children = (
				0A0BAF921C0583FF00933B9F /* Fonts */,
				0A28B1051BE1B55600C4FDA5 /* Feedings */,
				0A28B11A1BE1B55600C4FDA5 /* FeedingsTests */,
				0A28B1251BE1B55600C4FDA5 /* FeedingsUITests */,
				0A28B1041BE1B55600C4FDA5 /* Products */,
				812D06D7CA59A6F629DC5C02 /* Pods */,
				AD6F0B6DF6C3B9AD02AB4CCA /* Frameworks */,
			);
			sourceTree = "<group>";
		};
		0A28B1041BE1B55600C4FDA5 /* Products */ = {
			isa = PBXGroup;
			children = (
				0A28B1031BE1B55600C4FDA5 /* Feedings.app */,
				0A28B1171BE1B55600C4FDA5 /* FeedingsTests.xctest */,
				0A28B1221BE1B55600C4FDA5 /* FeedingsUITests.xctest */,
			);
			name = Products;
			sourceTree = "<group>";
		};
		0A28B1051BE1B55600C4FDA5 /* Feedings */ = {
			isa = PBXGroup;
			children = (
				0A03EE831C1BA740000C9423 /* Controllers */,
				0A03EE821C1BA72F000C9423 /* models */,
				0AF412DA1C13755300B8C2A8 /* storyboards */,
				0AF412D91C13752A00B8C2A8 /* subclasses */,
				0A9D63E61BE48BC5000F4778 /* Feedings.entitlements */,
				0A5555D81BF6F08700F1EA5A /* ParseStuff.swift */,
				0A28B1061BE1B55600C4FDA5 /* AppDelegate.swift */,
				0A28B10D1BE1B55600C4FDA5 /* Assets.xcassets */,
				0A28B1121BE1B55600C4FDA5 /* Info.plist */,
			);
			path = Feedings;
			sourceTree = "<group>";
		};
		0A28B11A1BE1B55600C4FDA5 /* FeedingsTests */ = {
			isa = PBXGroup;
			children = (
				0A28B11D1BE1B55600C4FDA5 /* Info.plist */,
				0A03EE861C1BA84E000C9423 /* FeedingViewModelSpec.swift */,
				0AB769991C1CFD5B002AD40F /* DaySpec.swift */,
			);
			path = FeedingsTests;
			sourceTree = "<group>";
		};
		0A28B1251BE1B55600C4FDA5 /* FeedingsUITests */ = {
			isa = PBXGroup;
			children = (
				0A28B1261BE1B55600C4FDA5 /* FeedingsUITests.swift */,
				0A28B1281BE1B55600C4FDA5 /* Info.plist */,
			);
			path = FeedingsUITests;
			sourceTree = "<group>";
		};
		0AF412D91C13752A00B8C2A8 /* subclasses */ = {
			isa = PBXGroup;
			children = (
				0A1417B21C17CBCC00D49CA1 /* UITextFieldWithDate.swift */,
				0AFE4F3D1C0AD14B0007C419 /* FeedingsCell.swift */,
				0A0BAF971C0664A900933B9F /* UIColor-Extensions.swift */,
				0A0BAF9D1C066C2A00933B9F /* HighlightedButton.swift */,
			);
			name = subclasses;
			sourceTree = "<group>";
		};
		0AF412DA1C13755300B8C2A8 /* storyboards */ = {
			isa = PBXGroup;
			children = (
				0A28B10A1BE1B55600C4FDA5 /* Main.storyboard */,
				0A28B10F1BE1B55600C4FDA5 /* LaunchScreen.storyboard */,
			);
			name = storyboards;
			sourceTree = "<group>";
		};
		812D06D7CA59A6F629DC5C02 /* Pods */ = {
			isa = PBXGroup;
			children = (
				C7CFF7A94C32FFD695CD0B6C /* Pods-Feedings.debug.xcconfig */,
				58C13B6E011C877E7674181D /* Pods-Feedings.release.xcconfig */,
				00E536E399109CEAD49BCFC4 /* Pods-FeedingsTests.debug.xcconfig */,
				3C56BB30152137C1D6C101D5 /* Pods-FeedingsTests.release.xcconfig */,
				E4C53FD216936E2EE49D2272 /* Pods-FeedingsUITests.debug.xcconfig */,
				0ABB7BEBCD52ED7D367A1756 /* Pods-FeedingsUITests.release.xcconfig */,
			);
			name = Pods;
			sourceTree = "<group>";
		};
		AD6F0B6DF6C3B9AD02AB4CCA /* Frameworks */ = {
			isa = PBXGroup;
			children = (
				F89102230929853146E3140E /* Pods_Feedings.framework */,
				1056BE9E4DD9299A4A84641E /* Pods_FeedingsTests.framework */,
				5922000925E75AF67F6E6114 /* Pods_FeedingsUITests.framework */,
			);
			name = Frameworks;
			sourceTree = "<group>";
		};
/* End PBXGroup section */

/* Begin PBXNativeTarget section */
		0A28B1021BE1B55600C4FDA5 /* Feedings */ = {
			isa = PBXNativeTarget;
			buildConfigurationList = 0A28B12B1BE1B55600C4FDA5 /* Build configuration list for PBXNativeTarget "Feedings" */;
			buildPhases = (
				583E17B355A0DED9E9E3F826 /* Check Pods Manifest.lock */,
				0A28B0FF1BE1B55600C4FDA5 /* Sources */,
				0A28B1001BE1B55600C4FDA5 /* Frameworks */,
				0A28B1011BE1B55600C4FDA5 /* Resources */,
				9D11E186278B07DD098ED9BC /* Embed Pods Frameworks */,
				A695D349C972AD0779C03207 /* Copy Pods Resources */,
			);
			buildRules = (
			);
			dependencies = (
			);
			name = Feedings;
			productName = Feedings;
			productReference = 0A28B1031BE1B55600C4FDA5 /* Feedings.app */;
			productType = "com.apple.product-type.application";
		};
		0A28B1161BE1B55600C4FDA5 /* FeedingsTests */ = {
			isa = PBXNativeTarget;
			buildConfigurationList = 0A28B12E1BE1B55600C4FDA5 /* Build configuration list for PBXNativeTarget "FeedingsTests" */;
			buildPhases = (
				AB2DB15EBE4A3655F3F651AB /* Check Pods Manifest.lock */,
				0A28B1131BE1B55600C4FDA5 /* Sources */,
				0A28B1141BE1B55600C4FDA5 /* Frameworks */,
				0A28B1151BE1B55600C4FDA5 /* Resources */,
				FB5692E11C5D4A44EA862ECA /* Embed Pods Frameworks */,
				F5C8586D8C6A824B853CA9E4 /* Copy Pods Resources */,
			);
			buildRules = (
			);
			dependencies = (
				0A28B1191BE1B55600C4FDA5 /* PBXTargetDependency */,
			);
			name = FeedingsTests;
			productName = FeedingsTests;
			productReference = 0A28B1171BE1B55600C4FDA5 /* FeedingsTests.xctest */;
			productType = "com.apple.product-type.bundle.unit-test";
		};
		0A28B1211BE1B55600C4FDA5 /* FeedingsUITests */ = {
			isa = PBXNativeTarget;
			buildConfigurationList = 0A28B1311BE1B55600C4FDA5 /* Build configuration list for PBXNativeTarget "FeedingsUITests" */;
			buildPhases = (
				2E12CA154857CCA7F821478C /* Check Pods Manifest.lock */,
				0A28B11E1BE1B55600C4FDA5 /* Sources */,
				0A28B11F1BE1B55600C4FDA5 /* Frameworks */,
				0A28B1201BE1B55600C4FDA5 /* Resources */,
				AA33FC945FE27C3029AFE146 /* Copy Pods Resources */,
			);
			buildRules = (
			);
			dependencies = (
				0A28B1241BE1B55600C4FDA5 /* PBXTargetDependency */,
			);
			name = FeedingsUITests;
			productName = FeedingsUITests;
			productReference = 0A28B1221BE1B55600C4FDA5 /* FeedingsUITests.xctest */;
			productType = "com.apple.product-type.bundle.ui-testing";
		};
/* End PBXNativeTarget section */

/* Begin PBXProject section */
		0A28B0FB1BE1B55600C4FDA5 /* Project object */ = {
			isa = PBXProject;
			attributes = {
				LastSwiftUpdateCheck = 0720;
				LastUpgradeCheck = 0710;
				ORGANIZATIONNAME = "Kevin McGladdery";
				TargetAttributes = {
					0A28B1021BE1B55600C4FDA5 = {
						CreatedOnToolsVersion = 7.1;
						DevelopmentTeam = P3HAZUW5GC;
						SystemCapabilities = {
							com.apple.iCloud = {
								enabled = 0;
							};
						};
					};
					0A28B1161BE1B55600C4FDA5 = {
						CreatedOnToolsVersion = 7.1;
						TestTargetID = 0A28B1021BE1B55600C4FDA5;
					};
					0A28B1211BE1B55600C4FDA5 = {
						CreatedOnToolsVersion = 7.1;
						TestTargetID = 0A28B1021BE1B55600C4FDA5;
					};
				};
			};
			buildConfigurationList = 0A28B0FE1BE1B55600C4FDA5 /* Build configuration list for PBXProject "Feedings" */;
			compatibilityVersion = "Xcode 3.2";
			developmentRegion = English;
			hasScannedForEncodings = 0;
			knownRegions = (
				en,
				Base,
			);
			mainGroup = 0A28B0FA1BE1B55600C4FDA5;
			productRefGroup = 0A28B1041BE1B55600C4FDA5 /* Products */;
			projectDirPath = "";
			projectRoot = "";
			targets = (
				0A28B1021BE1B55600C4FDA5 /* Feedings */,
				0A28B1161BE1B55600C4FDA5 /* FeedingsTests */,
				0A28B1211BE1B55600C4FDA5 /* FeedingsUITests */,
			);
		};
/* End PBXProject section */

/* Begin PBXResourcesBuildPhase section */
		0A28B1011BE1B55600C4FDA5 /* Resources */ = {
			isa = PBXResourcesBuildPhase;
			buildActionMask = 2147483647;
			files = (
				0A28B1111BE1B55600C4FDA5 /* LaunchScreen.storyboard in Resources */,
				0A28B10E1BE1B55600C4FDA5 /* Assets.xcassets in Resources */,
				0A0BAF9A1C06679500933B9F /* FiraSans-Medium.otf in Resources */,
				0A28B10C1BE1B55600C4FDA5 /* Main.storyboard in Resources */,
				0A0BAF911C0583F500933B9F /* FiraSans-Book.otf in Resources */,
			);
			runOnlyForDeploymentPostprocessing = 0;
		};
		0A28B1151BE1B55600C4FDA5 /* Resources */ = {
			isa = PBXResourcesBuildPhase;
			buildActionMask = 2147483647;
			files = (
			);
			runOnlyForDeploymentPostprocessing = 0;
		};
		0A28B1201BE1B55600C4FDA5 /* Resources */ = {
			isa = PBXResourcesBuildPhase;
			buildActionMask = 2147483647;
			files = (
			);
			runOnlyForDeploymentPostprocessing = 0;
		};
/* End PBXResourcesBuildPhase section */

/* Begin PBXShellScriptBuildPhase section */
		2E12CA154857CCA7F821478C /* Check Pods Manifest.lock */ = {
			isa = PBXShellScriptBuildPhase;
			buildActionMask = 2147483647;
			files = (
			);
			inputPaths = (
			);
			name = "Check Pods Manifest.lock";
			outputPaths = (
			);
			runOnlyForDeploymentPostprocessing = 0;
			shellPath = /bin/sh;
			shellScript = "diff \"${PODS_ROOT}/../Podfile.lock\" \"${PODS_ROOT}/Manifest.lock\" > /dev/null\nif [[ $? != 0 ]] ; then\n    cat << EOM\nerror: The sandbox is not in sync with the Podfile.lock. Run 'pod install' or update your CocoaPods installation.\nEOM\n    exit 1\nfi\n";
			showEnvVarsInLog = 0;
		};
		583E17B355A0DED9E9E3F826 /* Check Pods Manifest.lock */ = {
			isa = PBXShellScriptBuildPhase;
			buildActionMask = 2147483647;
			files = (
			);
			inputPaths = (
			);
			name = "Check Pods Manifest.lock";
			outputPaths = (
			);
			runOnlyForDeploymentPostprocessing = 0;
			shellPath = /bin/sh;
			shellScript = "diff \"${PODS_ROOT}/../Podfile.lock\" \"${PODS_ROOT}/Manifest.lock\" > /dev/null\nif [[ $? != 0 ]] ; then\n    cat << EOM\nerror: The sandbox is not in sync with the Podfile.lock. Run 'pod install' or update your CocoaPods installation.\nEOM\n    exit 1\nfi\n";
			showEnvVarsInLog = 0;
		};
		9D11E186278B07DD098ED9BC /* Embed Pods Frameworks */ = {
			isa = PBXShellScriptBuildPhase;
			buildActionMask = 2147483647;
			files = (
			);
			inputPaths = (
			);
			name = "Embed Pods Frameworks";
			outputPaths = (
			);
			runOnlyForDeploymentPostprocessing = 0;
			shellPath = /bin/sh;
			shellScript = "\"${SRCROOT}/Pods/Target Support Files/Pods-Feedings/Pods-Feedings-frameworks.sh\"\n";
			showEnvVarsInLog = 0;
		};
		A695D349C972AD0779C03207 /* Copy Pods Resources */ = {
			isa = PBXShellScriptBuildPhase;
			buildActionMask = 2147483647;
			files = (
			);
			inputPaths = (
			);
			name = "Copy Pods Resources";
			outputPaths = (
			);
			runOnlyForDeploymentPostprocessing = 0;
			shellPath = /bin/sh;
			shellScript = "\"${SRCROOT}/Pods/Target Support Files/Pods-Feedings/Pods-Feedings-resources.sh\"\n";
			showEnvVarsInLog = 0;
		};
		AA33FC945FE27C3029AFE146 /* Copy Pods Resources */ = {
			isa = PBXShellScriptBuildPhase;
			buildActionMask = 2147483647;
			files = (
			);
			inputPaths = (
			);
			name = "Copy Pods Resources";
			outputPaths = (
			);
			runOnlyForDeploymentPostprocessing = 0;
			shellPath = /bin/sh;
			shellScript = "\"${SRCROOT}/Pods/Target Support Files/Pods-FeedingsUITests/Pods-FeedingsUITests-resources.sh\"\n";
			showEnvVarsInLog = 0;
		};
		AB2DB15EBE4A3655F3F651AB /* Check Pods Manifest.lock */ = {
			isa = PBXShellScriptBuildPhase;
			buildActionMask = 2147483647;
			files = (
			);
			inputPaths = (
			);
			name = "Check Pods Manifest.lock";
			outputPaths = (
			);
			runOnlyForDeploymentPostprocessing = 0;
			shellPath = /bin/sh;
			shellScript = "diff \"${PODS_ROOT}/../Podfile.lock\" \"${PODS_ROOT}/Manifest.lock\" > /dev/null\nif [[ $? != 0 ]] ; then\n    cat << EOM\nerror: The sandbox is not in sync with the Podfile.lock. Run 'pod install' or update your CocoaPods installation.\nEOM\n    exit 1\nfi\n";
			showEnvVarsInLog = 0;
		};
		F5C8586D8C6A824B853CA9E4 /* Copy Pods Resources */ = {
			isa = PBXShellScriptBuildPhase;
			buildActionMask = 2147483647;
			files = (
			);
			inputPaths = (
			);
			name = "Copy Pods Resources";
			outputPaths = (
			);
			runOnlyForDeploymentPostprocessing = 0;
			shellPath = /bin/sh;
			shellScript = "\"${SRCROOT}/Pods/Target Support Files/Pods-FeedingsTests/Pods-FeedingsTests-resources.sh\"\n";
			showEnvVarsInLog = 0;
		};
		FB5692E11C5D4A44EA862ECA /* Embed Pods Frameworks */ = {
			isa = PBXShellScriptBuildPhase;
			buildActionMask = 2147483647;
			files = (
			);
			inputPaths = (
			);
			name = "Embed Pods Frameworks";
			outputPaths = (
			);
			runOnlyForDeploymentPostprocessing = 0;
			shellPath = /bin/sh;
			shellScript = "\"${SRCROOT}/Pods/Target Support Files/Pods-FeedingsTests/Pods-FeedingsTests-frameworks.sh\"\n";
			showEnvVarsInLog = 0;
		};
/* End PBXShellScriptBuildPhase section */

/* Begin PBXSourcesBuildPhase section */
		0A28B0FF1BE1B55600C4FDA5 /* Sources */ = {
			isa = PBXSourcesBuildPhase;
			buildActionMask = 2147483647;
			files = (
				0A0BAFA01C06874D00933B9F /* SignupViewController.swift in Sources */,
				0AFE4F3E1C0AD14B0007C419 /* FeedingsCell.swift in Sources */,
				0A33C4A11C08F0F1002BB5E9 /* SettingsViewController.swift in Sources */,
				0A03EE851C1BA816000C9423 /* FeedingViewModel.swift in Sources */,
				0A0BAF961C0662D100933B9F /* LoginViewController.swift in Sources */,
				0A28E0621C0BAA5100D75D04 /* AddFeedingViewController.swift in Sources */,
				0A03EE891C1BC35A000C9423 /* Day.swift in Sources */,
				0A1417B31C17CBCC00D49CA1 /* UITextFieldWithDate.swift in Sources */,
				0A5555D91BF6F08700F1EA5A /* ParseStuff.swift in Sources */,
				0A0BAF941C058E6300933B9F /* FeedingsListViewController.swift in Sources */,
				0A0BAF981C0664A900933B9F /* UIColor-Extensions.swift in Sources */,
				0A28B1071BE1B55600C4FDA5 /* AppDelegate.swift in Sources */,
				0A0BAF9E1C066C2A00933B9F /* HighlightedButton.swift in Sources */,
			);
			runOnlyForDeploymentPostprocessing = 0;
		};
		0A28B1131BE1B55600C4FDA5 /* Sources */ = {
			isa = PBXSourcesBuildPhase;
			buildActionMask = 2147483647;
			files = (
				0A03EE871C1BA84E000C9423 /* FeedingViewModelSpec.swift in Sources */,
				0AB7699A1C1CFD5B002AD40F /* DaySpec.swift in Sources */,
			);
			runOnlyForDeploymentPostprocessing = 0;
		};
		0A28B11E1BE1B55600C4FDA5 /* Sources */ = {
			isa = PBXSourcesBuildPhase;
			buildActionMask = 2147483647;
			files = (
				0A28B1271BE1B55600C4FDA5 /* FeedingsUITests.swift in Sources */,
			);
			runOnlyForDeploymentPostprocessing = 0;
		};
/* End PBXSourcesBuildPhase section */

/* Begin PBXTargetDependency section */
		0A28B1191BE1B55600C4FDA5 /* PBXTargetDependency */ = {
			isa = PBXTargetDependency;
			target = 0A28B1021BE1B55600C4FDA5 /* Feedings */;
			targetProxy = 0A28B1181BE1B55600C4FDA5 /* PBXContainerItemProxy */;
		};
		0A28B1241BE1B55600C4FDA5 /* PBXTargetDependency */ = {
			isa = PBXTargetDependency;
			target = 0A28B1021BE1B55600C4FDA5 /* Feedings */;
			targetProxy = 0A28B1231BE1B55600C4FDA5 /* PBXContainerItemProxy */;
		};
/* End PBXTargetDependency section */

/* Begin PBXVariantGroup section */
		0A28B10A1BE1B55600C4FDA5 /* Main.storyboard */ = {
			isa = PBXVariantGroup;
			children = (
				0A28B10B1BE1B55600C4FDA5 /* Base */,
			);
			name = Main.storyboard;
			sourceTree = "<group>";
		};
		0A28B10F1BE1B55600C4FDA5 /* LaunchScreen.storyboard */ = {
			isa = PBXVariantGroup;
			children = (
				0A28B1101BE1B55600C4FDA5 /* Base */,
			);
			name = LaunchScreen.storyboard;
			sourceTree = "<group>";
		};
/* End PBXVariantGroup section */

/* Begin XCBuildConfiguration section */
		0A28B1291BE1B55600C4FDA5 /* Debug */ = {
			isa = XCBuildConfiguration;
			buildSettings = {
				ALWAYS_SEARCH_USER_PATHS = NO;
				CLANG_CXX_LANGUAGE_STANDARD = "gnu++0x";
				CLANG_CXX_LIBRARY = "libc++";
				CLANG_ENABLE_MODULES = YES;
				CLANG_ENABLE_OBJC_ARC = YES;
				CLANG_WARN_BOOL_CONVERSION = YES;
				CLANG_WARN_CONSTANT_CONVERSION = YES;
				CLANG_WARN_DIRECT_OBJC_ISA_USAGE = YES_ERROR;
				CLANG_WARN_EMPTY_BODY = YES;
				CLANG_WARN_ENUM_CONVERSION = YES;
				CLANG_WARN_INT_CONVERSION = YES;
				CLANG_WARN_OBJC_ROOT_CLASS = YES_ERROR;
				CLANG_WARN_UNREACHABLE_CODE = YES;
				CLANG_WARN__DUPLICATE_METHOD_MATCH = YES;
				"CODE_SIGN_IDENTITY[sdk=iphoneos*]" = "iPhone Developer";
				COPY_PHASE_STRIP = NO;
				DEBUG_INFORMATION_FORMAT = dwarf;
				ENABLE_STRICT_OBJC_MSGSEND = YES;
				ENABLE_TESTABILITY = YES;
				GCC_C_LANGUAGE_STANDARD = gnu99;
				GCC_DYNAMIC_NO_PIC = NO;
				GCC_NO_COMMON_BLOCKS = YES;
				GCC_OPTIMIZATION_LEVEL = 0;
				GCC_PREPROCESSOR_DEFINITIONS = (
					"DEBUG=1",
					"$(inherited)",
				);
				GCC_WARN_64_TO_32_BIT_CONVERSION = YES;
				GCC_WARN_ABOUT_RETURN_TYPE = YES_ERROR;
				GCC_WARN_UNDECLARED_SELECTOR = YES;
				GCC_WARN_UNINITIALIZED_AUTOS = YES_AGGRESSIVE;
				GCC_WARN_UNUSED_FUNCTION = YES;
				GCC_WARN_UNUSED_VARIABLE = YES;
				IPHONEOS_DEPLOYMENT_TARGET = 9.1;
				MTL_ENABLE_DEBUG_INFO = YES;
				ONLY_ACTIVE_ARCH = YES;
				SDKROOT = iphoneos;
				SWIFT_OPTIMIZATION_LEVEL = "-Onone";
			};
			name = Debug;
		};
		0A28B12A1BE1B55600C4FDA5 /* Release */ = {
			isa = XCBuildConfiguration;
			buildSettings = {
				ALWAYS_SEARCH_USER_PATHS = NO;
				CLANG_CXX_LANGUAGE_STANDARD = "gnu++0x";
				CLANG_CXX_LIBRARY = "libc++";
				CLANG_ENABLE_MODULES = YES;
				CLANG_ENABLE_OBJC_ARC = YES;
				CLANG_WARN_BOOL_CONVERSION = YES;
				CLANG_WARN_CONSTANT_CONVERSION = YES;
				CLANG_WARN_DIRECT_OBJC_ISA_USAGE = YES_ERROR;
				CLANG_WARN_EMPTY_BODY = YES;
				CLANG_WARN_ENUM_CONVERSION = YES;
				CLANG_WARN_INT_CONVERSION = YES;
				CLANG_WARN_OBJC_ROOT_CLASS = YES_ERROR;
				CLANG_WARN_UNREACHABLE_CODE = YES;
				CLANG_WARN__DUPLICATE_METHOD_MATCH = YES;
				"CODE_SIGN_IDENTITY[sdk=iphoneos*]" = "iPhone Developer";
				COPY_PHASE_STRIP = NO;
				DEBUG_INFORMATION_FORMAT = "dwarf-with-dsym";
				ENABLE_NS_ASSERTIONS = NO;
				ENABLE_STRICT_OBJC_MSGSEND = YES;
				GCC_C_LANGUAGE_STANDARD = gnu99;
				GCC_NO_COMMON_BLOCKS = YES;
				GCC_WARN_64_TO_32_BIT_CONVERSION = YES;
				GCC_WARN_ABOUT_RETURN_TYPE = YES_ERROR;
				GCC_WARN_UNDECLARED_SELECTOR = YES;
				GCC_WARN_UNINITIALIZED_AUTOS = YES_AGGRESSIVE;
				GCC_WARN_UNUSED_FUNCTION = YES;
				GCC_WARN_UNUSED_VARIABLE = YES;
				IPHONEOS_DEPLOYMENT_TARGET = 9.1;
				MTL_ENABLE_DEBUG_INFO = NO;
				SDKROOT = iphoneos;
				VALIDATE_PRODUCT = YES;
			};
			name = Release;
		};
		0A28B12C1BE1B55600C4FDA5 /* Debug */ = {
			isa = XCBuildConfiguration;
			baseConfigurationReference = C7CFF7A94C32FFD695CD0B6C /* Pods-Feedings.debug.xcconfig */;
			buildSettings = {
				ASSETCATALOG_COMPILER_APPICON_NAME = AppIcon;
				CODE_SIGN_IDENTITY = "iPhone Developer";
				"CODE_SIGN_IDENTITY[sdk=iphoneos*]" = "iPhone Developer";
				INFOPLIST_FILE = Feedings/Info.plist;
				LD_RUNPATH_SEARCH_PATHS = "$(inherited) @executable_path/Frameworks";
				PRODUCT_BUNDLE_IDENTIFIER = com.kevin.mcgladdery.Feedings;
				PRODUCT_NAME = "$(TARGET_NAME)";
				PROVISIONING_PROFILE = "";
			};
			name = Debug;
		};
		0A28B12D1BE1B55600C4FDA5 /* Release */ = {
			isa = XCBuildConfiguration;
			baseConfigurationReference = 58C13B6E011C877E7674181D /* Pods-Feedings.release.xcconfig */;
			buildSettings = {
				ASSETCATALOG_COMPILER_APPICON_NAME = AppIcon;
				CODE_SIGN_IDENTITY = "iPhone Developer";
				"CODE_SIGN_IDENTITY[sdk=iphoneos*]" = "iPhone Developer";
				INFOPLIST_FILE = Feedings/Info.plist;
				LD_RUNPATH_SEARCH_PATHS = "$(inherited) @executable_path/Frameworks";
				PRODUCT_BUNDLE_IDENTIFIER = com.kevin.mcgladdery.Feedings;
				PRODUCT_NAME = "$(TARGET_NAME)";
				PROVISIONING_PROFILE = "";
			};
			name = Release;
		};
		0A28B12F1BE1B55600C4FDA5 /* Debug */ = {
			isa = XCBuildConfiguration;
			baseConfigurationReference = 00E536E399109CEAD49BCFC4 /* Pods-FeedingsTests.debug.xcconfig */;
			buildSettings = {
				BUNDLE_LOADER = "$(TEST_HOST)";
				CLANG_ENABLE_MODULES = YES;
				INFOPLIST_FILE = FeedingsTests/Info.plist;
				LD_RUNPATH_SEARCH_PATHS = "$(inherited) @executable_path/Frameworks @loader_path/Frameworks";
				PRODUCT_BUNDLE_IDENTIFIER = com.kevin.mcgladdery.FeedingsTests;
				PRODUCT_NAME = "$(TARGET_NAME)";
				SWIFT_OPTIMIZATION_LEVEL = "-Onone";
				TEST_HOST = "$(BUILT_PRODUCTS_DIR)/Feedings.app/Feedings";
			};
			name = Debug;
		};
		0A28B1301BE1B55600C4FDA5 /* Release */ = {
			isa = XCBuildConfiguration;
			baseConfigurationReference = 3C56BB30152137C1D6C101D5 /* Pods-FeedingsTests.release.xcconfig */;
			buildSettings = {
				BUNDLE_LOADER = "$(TEST_HOST)";
				CLANG_ENABLE_MODULES = YES;
				INFOPLIST_FILE = FeedingsTests/Info.plist;
				LD_RUNPATH_SEARCH_PATHS = "$(inherited) @executable_path/Frameworks @loader_path/Frameworks";
				PRODUCT_BUNDLE_IDENTIFIER = com.kevin.mcgladdery.FeedingsTests;
				PRODUCT_NAME = "$(TARGET_NAME)";
				TEST_HOST = "$(BUILT_PRODUCTS_DIR)/Feedings.app/Feedings";
			};
			name = Release;
		};
		0A28B1321BE1B55600C4FDA5 /* Debug */ = {
			isa = XCBuildConfiguration;
			baseConfigurationReference = E4C53FD216936E2EE49D2272 /* Pods-FeedingsUITests.debug.xcconfig */;
			buildSettings = {
				INFOPLIST_FILE = FeedingsUITests/Info.plist;
				LD_RUNPATH_SEARCH_PATHS = "$(inherited) @executable_path/Frameworks @loader_path/Frameworks";
				PRODUCT_BUNDLE_IDENTIFIER = com.kevin.mcgladdery.FeedingsUITests;
				PRODUCT_NAME = "$(TARGET_NAME)";
				TEST_TARGET_NAME = Feedings;
				USES_XCTRUNNER = YES;
			};
			name = Debug;
		};
		0A28B1331BE1B55600C4FDA5 /* Release */ = {
			isa = XCBuildConfiguration;
			baseConfigurationReference = 0ABB7BEBCD52ED7D367A1756 /* Pods-FeedingsUITests.release.xcconfig */;
			buildSettings = {
				INFOPLIST_FILE = FeedingsUITests/Info.plist;
				LD_RUNPATH_SEARCH_PATHS = "$(inherited) @executable_path/Frameworks @loader_path/Frameworks";
				PRODUCT_BUNDLE_IDENTIFIER = com.kevin.mcgladdery.FeedingsUITests;
				PRODUCT_NAME = "$(TARGET_NAME)";
				TEST_TARGET_NAME = Feedings;
				USES_XCTRUNNER = YES;
			};
			name = Release;
		};
/* End XCBuildConfiguration section */

/* Begin XCConfigurationList section */
		0A28B0FE1BE1B55600C4FDA5 /* Build configuration list for PBXProject "Feedings" */ = {
			isa = XCConfigurationList;
			buildConfigurations = (
				0A28B1291BE1B55600C4FDA5 /* Debug */,
				0A28B12A1BE1B55600C4FDA5 /* Release */,
			);
			defaultConfigurationIsVisible = 0;
			defaultConfigurationName = Release;
		};
		0A28B12B1BE1B55600C4FDA5 /* Build configuration list for PBXNativeTarget "Feedings" */ = {
			isa = XCConfigurationList;
			buildConfigurations = (
				0A28B12C1BE1B55600C4FDA5 /* Debug */,
				0A28B12D1BE1B55600C4FDA5 /* Release */,
			);
			defaultConfigurationIsVisible = 0;
			defaultConfigurationName = Release;
		};
		0A28B12E1BE1B55600C4FDA5 /* Build configuration list for PBXNativeTarget "FeedingsTests" */ = {
			isa = XCConfigurationList;
			buildConfigurations = (
				0A28B12F1BE1B55600C4FDA5 /* Debug */,
				0A28B1301BE1B55600C4FDA5 /* Release */,
			);
			defaultConfigurationIsVisible = 0;
			defaultConfigurationName = Release;
		};
		0A28B1311BE1B55600C4FDA5 /* Build configuration list for PBXNativeTarget "FeedingsUITests" */ = {
			isa = XCConfigurationList;
			buildConfigurations = (
				0A28B1321BE1B55600C4FDA5 /* Debug */,
				0A28B1331BE1B55600C4FDA5 /* Release */,
			);
			defaultConfigurationIsVisible = 0;
			defaultConfigurationName = Release;
		};
/* End XCConfigurationList section */
	};
	rootObject = 0A28B0FB1BE1B55600C4FDA5 /* Project object */;
}
