PODS:
  - Nimble (3.0.0)
  - Quick (0.8.0)
  - ReactiveCocoa (4.0.4-alpha-1):
    - ReactiveCocoa/UI (= 4.0.4-alpha-1)
    - Result (~> 0.6-beta.1)
  - ReactiveCocoa/Core (4.0.4-alpha-1):
    - ReactiveCocoa/no-arc
    - Result (~> 0.6-beta.1)
  - ReactiveCocoa/no-arc (4.0.4-alpha-1):
    - Result (~> 0.6-beta.1)
  - ReactiveCocoa/UI (4.0.4-alpha-1):
    - ReactiveCocoa/Core
    - Result (~> 0.6-beta.1)
  - Result (0.6.0-beta.5)

DEPENDENCIES:
  - Nimble (~> 3.0.0)
  - Quick (~> 0.8)
  - ReactiveCocoa (= 4.0.4-alpha-1)

SPEC CHECKSUMS:
  Nimble: 4c353d43735b38b545cbb4cb91504588eb5de926
  Quick: 563d0f6ec5f72e394645adb377708639b7dd38ab
  ReactiveCocoa: 618a2fc13d4ed80e380aa6fa56547cef43c7341d
  Result: 8ae33a29ed1e147514b9536de523a978d7faba1f

COCOAPODS: 0.39.0
