PODS:
  - Bond (6.2.6):
    - Diff (~> 0.4)
    - ReactiveKit (~> 3.5.3)
  - Diff (0.5.3)
  - DZNEmptyDataSet (1.8.1)
  - Nimble (7.0.0)
  - Quick (1.1.0)
  - ReactiveKit (3.5.3)

DEPENDENCIES:
  - Bond (~> 6.2.6)
  - DZNEmptyDataSet (~> 1.8.1)
  - Nimble (~> 7.0.0)
  - Quick (~> 1.1.0)

SPEC CHECKSUMS:
  Bond: 0d7a52e9aec644c3b4985ceeb224a402b1efd691
  Diff: befa1d19c32726b2b36ce915d98793e2fbde8dcc
  DZNEmptyDataSet: 9525833b9e68ac21c30253e1d3d7076cc828eaa7
  Nimble: 874982b605d4d752fcac6be695d13c502de84b1b
  Quick: dafc587e21eed9f4cab3249b9f9015b0b7a7f71d
  ReactiveKit: 39a0723167d04107140cf540f04526deecd18891

PODFILE CHECKSUM: a17bf1a4fe68b5c097b2d8223264732367e1de1b

COCOAPODS: 1.2.1
