PODS:
  - Bolts/Tasks (1.5.0)
  - Bond (4.3.0)
  - Colortools (0.1.1)
  - DZNEmptyDataSet (1.7.2)
  - Nimble (3.0.0)
  - Parse (1.9.1):
    - Bolts/Tasks (>= 1.4.0)
  - Quick (0.8.0)

DEPENDENCIES:
  - Bond (~> 4.2)
  - Colortools
  - DZNEmptyDataSet (~> 1.7.2)
  - Nimble (~> 3.0.0)
  - Parse (~> 1.9.1)
  - Quick (~> 0.8)

SPEC CHECKSUMS:
  Bolts: 722ab9a4f8b50fc4ed1b9998a5a7a2b3f16d80b4
  Bond: ebe2364b18130690083cbceff036420b21494ae4
  Colortools: e68dfcede27bda002c9b2717dc48e2bdd48e7dca
  DZNEmptyDataSet: 0ec00bfc230d7450997b60c127afdd0b9f24f3b6
  Nimble: 4c353d43735b38b545cbb4cb91504588eb5de926
  Parse: 54a965c8c19a6dde90284ab654dbcc77ef8c001b
  Quick: 563d0f6ec5f72e394645adb377708639b7dd38ab

COCOAPODS: 0.39.0
